// !$*UTF8*$!
{
	archiveVersion = 1;
	classes = {
	};
	objectVersion = 77;
	objects = {

/* Begin PBXBuildFile section */
		D23482F12D2D7C94005FBCA4 /* EmojiPicker in Frameworks */ = {isa = PBXBuildFile; productRef = D23482F02D2D7C94005FBCA4 /* EmojiPicker */; };
/* End PBXBuildFile section */

/* Begin PBXContainerItemProxy section */
		D23482D32D2D7114005FBCA4 /* PBXContainerItemProxy */ = {
			isa = PBXContainerItemProxy;
			containerPortal = D23482BA2D2D7112005FBCA4 /* Project object */;
			proxyType = 1;
			remoteGlobalIDString = D23482C12D2D7112005FBCA4;
			remoteInfo = "Budget App";
		};
		D23482DD2D2D7114005FBCA4 /* PBXContainerItemProxy */ = {
			isa = PBXContainerItemProxy;
			containerPortal = D23482BA2D2D7112005FBCA4 /* Project object */;
			proxyType = 1;
			remoteGlobalIDString = D23482C12D2D7112005FBCA4;
			remoteInfo = "Budget App";
		};
/* End PBXContainerItemProxy section */

/* Begin PBXFileReference section */
		D23482C22D2D7112005FBCA4 /* Budget App.app */ = {isa = PBXFileReference; explicitFileType = wrapper.application; includeInIndex = 0; path = "Budget App.app"; sourceTree = BUILT_PRODUCTS_DIR; };
		D23482D22D2D7114005FBCA4 /* Budget AppTests.xctest */ = {isa = PBXFileReference; explicitFileType = wrapper.cfbundle; includeInIndex = 0; path = "Budget AppTests.xctest"; sourceTree = BUILT_PRODUCTS_DIR; };
		D23482DC2D2D7114005FBCA4 /* Budget AppUITests.xctest */ = {isa = PBXFileReference; explicitFileType = wrapper.cfbundle; includeInIndex = 0; path = "Budget AppUITests.xctest"; sourceTree = BUILT_PRODUCTS_DIR; };
/* End PBXFileReference section */

/* Begin PBXFileSystemSynchronizedRootGroup section */
		D23482C42D2D7112005FBCA4 /* Budget App */ = {
			isa = PBXFileSystemSynchronizedRootGroup;
			path = "Budget App";
			sourceTree = "<group>";
		};
		D23482D52D2D7114005FBCA4 /* Budget AppTests */ = {
			isa = PBXFileSystemSynchronizedRootGroup;
			path = "Budget AppTests";
			sourceTree = "<group>";
		};
		D23482DF2D2D7114005FBCA4 /* Budget AppUITests */ = {
			isa = PBXFileSystemSynchronizedRootGroup;
			path = "Budget AppUITests";
			sourceTree = "<group>";
		};
/* End PBXFileSystemSynchronizedRootGroup section */

/* Begin PBXFrameworksBuildPhase section */
		D23482BF2D2D7112005FBCA4 /* Frameworks */ = {
			isa = PBXFrameworksBuildPhase;
			buildActionMask = 2147483647;
			files = (
				D23482F12D2D7C94005FBCA4 /* EmojiPicker in Frameworks */,
			);
			runOnlyForDeploymentPostprocessing = 0;
		};
		D23482CF2D2D7114005FBCA4 /* Frameworks */ = {
			isa = PBXFrameworksBuildPhase;
			buildActionMask = 2147483647;
			files = (
			);
			runOnlyForDeploymentPostprocessing = 0;
		};
		D23482D92D2D7114005FBCA4 /* Frameworks */ = {
			isa = PBXFrameworksBuildPhase;
			buildActionMask = 2147483647;
			files = (
			);
			runOnlyForDeploymentPostprocessing = 0;
		};
/* End PBXFrameworksBuildPhase section */

/* Begin PBXGroup section */
		D23482B92D2D7112005FBCA4 = {
			isa = PBXGroup;
			children = (
				D23482C42D2D7112005FBCA4 /* Budget App */,
				D23482D52D2D7114005FBCA4 /* Budget AppTests */,
				D23482DF2D2D7114005FBCA4 /* Budget AppUITests */,
				D23482C32D2D7112005FBCA4 /* Products */,
			);
			sourceTree = "<group>";
		};
		D23482C32D2D7112005FBCA4 /* Products */ = {
			isa = PBXGroup;
			children = (
				D23482C22D2D7112005FBCA4 /* Budget App.app */,
				D23482D22D2D7114005FBCA4 /* Budget AppTests.xctest */,
				D23482DC2D2D7114005FBCA4 /* Budget AppUITests.xctest */,
			);
			name = Products;
			sourceTree = "<group>";
		};
/* End PBXGroup section */

/* Begin PBXNativeTarget section */
		D23482C12D2D7112005FBCA4 /* Budget App */ = {
			isa = PBXNativeTarget;
			buildConfigurationList = D23482E62D2D7114005FBCA4 /* Build configuration list for PBXNativeTarget "Budget App" */;
			buildPhases = (
				D23482BE2D2D7112005FBCA4 /* Sources */,
				D23482BF2D2D7112005FBCA4 /* Frameworks */,
				D23482C02D2D7112005FBCA4 /* Resources */,
			);
			buildRules = (
			);
			dependencies = (
			);
			fileSystemSynchronizedGroups = (
				D23482C42D2D7112005FBCA4 /* Budget App */,
			);
			name = "Budget App";
			packageProductDependencies = (
				D23482F02D2D7C94005FBCA4 /* EmojiPicker */,
			);
			productName = "Budget App";
			productReference = D23482C22D2D7112005FBCA4 /* Budget App.app */;
			productType = "com.apple.product-type.application";
		};
		D23482D12D2D7114005FBCA4 /* Budget AppTests */ = {
			isa = PBXNativeTarget;
			buildConfigurationList = D23482E92D2D7114005FBCA4 /* Build configuration list for PBXNativeTarget "Budget AppTests" */;
			buildPhases = (
				D23482CE2D2D7114005FBCA4 /* Sources */,
				D23482CF2D2D7114005FBCA4 /* Frameworks */,
				D23482D02D2D7114005FBCA4 /* Resources */,
			);
			buildRules = (
			);
			dependencies = (
				D23482D42D2D7114005FBCA4 /* PBXTargetDependency */,
			);
			fileSystemSynchronizedGroups = (
				D23482D52D2D7114005FBCA4 /* Budget AppTests */,
			);
			name = "Budget AppTests";
			packageProductDependencies = (
			);
			productName = "Budget AppTests";
			productReference = D23482D22D2D7114005FBCA4 /* Budget AppTests.xctest */;
			productType = "com.apple.product-type.bundle.unit-test";
		};
		D23482DB2D2D7114005FBCA4 /* Budget AppUITests */ = {
			isa = PBXNativeTarget;
			buildConfigurationList = D23482EC2D2D7114005FBCA4 /* Build configuration list for PBXNativeTarget "Budget AppUITests" */;
			buildPhases = (
				D23482D82D2D7114005FBCA4 /* Sources */,
				D23482D92D2D7114005FBCA4 /* Frameworks */,
				D23482DA2D2D7114005FBCA4 /* Resources */,
			);
			buildRules = (
			);
			dependencies = (
				D23482DE2D2D7114005FBCA4 /* PBXTargetDependency */,
			);
			fileSystemSynchronizedGroups = (
				D23482DF2D2D7114005FBCA4 /* Budget AppUITests */,
			);
			name = "Budget AppUITests";
			packageProductDependencies = (
			);
			productName = "Budget AppUITests";
			productReference = D23482DC2D2D7114005FBCA4 /* Budget AppUITests.xctest */;
			productType = "com.apple.product-type.bundle.ui-testing";
		};
/* End PBXNativeTarget section */

/* Begin PBXProject section */
		D23482BA2D2D7112005FBCA4 /* Project object */ = {
			isa = PBXProject;
			attributes = {
				BuildIndependentTargetsInParallel = 1;
				LastSwiftUpdateCheck = 1620;
				LastUpgradeCheck = 1620;
				TargetAttributes = {
					D23482C12D2D7112005FBCA4 = {
						CreatedOnToolsVersion = 16.2;
					};
					D23482D12D2D7114005FBCA4 = {
						CreatedOnToolsVersion = 16.2;
						TestTargetID = D23482C12D2D7112005FBCA4;
					};
					D23482DB2D2D7114005FBCA4 = {
						CreatedOnToolsVersion = 16.2;
						TestTargetID = D23482C12D2D7112005FBCA4;
					};
				};
			};
			buildConfigurationList = D23482BD2D2D7112005FBCA4 /* Build configuration list for PBXProject "Budget App" */;
			developmentRegion = en;
			hasScannedForEncodings = 0;
			knownRegions = (
				en,
				Base,
			);
			mainGroup = D23482B92D2D7112005FBCA4;
			minimizedProjectReferenceProxies = 1;
			packageReferences = (
				D23482EF2D2D7C94005FBCA4 /* XCLocalSwiftPackageReference "../EmojiPicker" */,
			);
			preferredProjectObjectVersion = 77;
			productRefGroup = D23482C32D2D7112005FBCA4 /* Products */;
			projectDirPath = "";
			projectRoot = "";
			targets = (
				D23482C12D2D7112005FBCA4 /* Budget App */,
				D23482D12D2D7114005FBCA4 /* Budget AppTests */,
				D23482DB2D2D7114005FBCA4 /* Budget AppUITests */,
			);
		};
/* End PBXProject section */

/* Begin PBXResourcesBuildPhase section */
		D23482C02D2D7112005FBCA4 /* Resources */ = {
			isa = PBXResourcesBuildPhase;
			buildActionMask = 2147483647;
			files = (
			);
			runOnlyForDeploymentPostprocessing = 0;
		};
		D23482D02D2D7114005FBCA4 /* Resources */ = {
			isa = PBXResourcesBuildPhase;
			buildActionMask = 2147483647;
			files = (
			);
			runOnlyForDeploymentPostprocessing = 0;
		};
		D23482DA2D2D7114005FBCA4 /* Resources */ = {
			isa = PBXResourcesBuildPhase;
			buildActionMask = 2147483647;
			files = (
			);
			runOnlyForDeploymentPostprocessing = 0;
		};
/* End PBXResourcesBuildPhase section */

/* Begin PBXSourcesBuildPhase section */
		D23482BE2D2D7112005FBCA4 /* Sources */ = {
			isa = PBXSourcesBuildPhase;
			buildActionMask = 2147483647;
			files = (
			);
			runOnlyForDeploymentPostprocessing = 0;
		};
		D23482CE2D2D7114005FBCA4 /* Sources */ = {
			isa = PBXSourcesBuildPhase;
			buildActionMask = 2147483647;
			files = (
			);
			runOnlyForDeploymentPostprocessing = 0;
		};
		D23482D82D2D7114005FBCA4 /* Sources */ = {
			isa = PBXSourcesBuildPhase;
			buildActionMask = 2147483647;
			files = (
			);
			runOnlyForDeploymentPostprocessing = 0;
		};
/* End PBXSourcesBuildPhase section */

/* Begin PBXTargetDependency section */
		D23482D42D2D7114005FBCA4 /* PBXTargetDependency */ = {
			isa = PBXTargetDependency;
			target = D23482C12D2D7112005FBCA4 /* Budget App */;
			targetProxy = D23482D32D2D7114005FBCA4 /* PBXContainerItemProxy */;
		};
		D23482DE2D2D7114005FBCA4 /* PBXTargetDependency */ = {
			isa = PBXTargetDependency;
			target = D23482C12D2D7112005FBCA4 /* Budget App */;
			targetProxy = D23482DD2D2D7114005FBCA4 /* PBXContainerItemProxy */;
		};
/* End PBXTargetDependency section */

/* Begin XCBuildConfiguration section */
		D23482E42D2D7114005FBCA4 /* Debug */ = {
			isa = XCBuildConfiguration;
			buildSettings = {
				ALWAYS_SEARCH_USER_PATHS = NO;
				ASSETCATALOG_COMPILER_GENERATE_SWIFT_ASSET_SYMBOL_EXTENSIONS = YES;
				CLANG_ANALYZER_NONNULL = YES;
				CLANG_ANALYZER_NUMBER_OBJECT_CONVERSION = YES_AGGRESSIVE;
				CLANG_CXX_LANGUAGE_STANDARD = "gnu++20";
				CLANG_ENABLE_MODULES = YES;
				CLANG_ENABLE_OBJC_ARC = YES;
				CLANG_ENABLE_OBJC_WEAK = YES;
				CLANG_WARN_BLOCK_CAPTURE_AUTORELEASING = YES;
				CLANG_WARN_BOOL_CONVERSION = YES;
				CLANG_WARN_COMMA = YES;
				CLANG_WARN_CONSTANT_CONVERSION = YES;
				CLANG_WARN_DEPRECATED_OBJC_IMPLEMENTATIONS = YES;
				CLANG_WARN_DIRECT_OBJC_ISA_USAGE = YES_ERROR;
				CLANG_WARN_DOCUMENTATION_COMMENTS = YES;
				CLANG_WARN_EMPTY_BODY = YES;
				CLANG_WARN_ENUM_CONVERSION = YES;
				CLANG_WARN_INFINITE_RECURSION = YES;
				CLANG_WARN_INT_CONVERSION = YES;
				CLANG_WARN_NON_LITERAL_NULL_CONVERSION = YES;
				CLANG_WARN_OBJC_IMPLICIT_RETAIN_SELF = YES;
				CLANG_WARN_OBJC_LITERAL_CONVERSION = YES;
				CLANG_WARN_OBJC_ROOT_CLASS = YES_ERROR;
				CLANG_WARN_QUOTED_INCLUDE_IN_FRAMEWORK_HEADER = YES;
				CLANG_WARN_RANGE_LOOP_ANALYSIS = YES;
				CLANG_WARN_STRICT_PROTOTYPES = YES;
				CLANG_WARN_SUSPICIOUS_MOVE = YES;
				CLANG_WARN_UNGUARDED_AVAILABILITY = YES_AGGRESSIVE;
				CLANG_WARN_UNREACHABLE_CODE = YES;
				CLANG_WARN__DUPLICATE_METHOD_MATCH = YES;
				COPY_PHASE_STRIP = NO;
				DEBUG_INFORMATION_FORMAT = dwarf;
				ENABLE_STRICT_OBJC_MSGSEND = YES;
				ENABLE_TESTABILITY = YES;
				ENABLE_USER_SCRIPT_SANDBOXING = YES;
				GCC_C_LANGUAGE_STANDARD = gnu17;
				GCC_DYNAMIC_NO_PIC = NO;
				GCC_NO_COMMON_BLOCKS = YES;
				GCC_OPTIMIZATION_LEVEL = 0;
				GCC_PREPROCESSOR_DEFINITIONS = (
					"DEBUG=1",
					"$(inherited)",
				);
				GCC_WARN_64_TO_32_BIT_CONVERSION = YES;
				GCC_WARN_ABOUT_RETURN_TYPE = YES_ERROR;
				GCC_WARN_UNDECLARED_SELECTOR = YES;
				GCC_WARN_UNINITIALIZED_AUTOS = YES_AGGRESSIVE;
				GCC_WARN_UNUSED_FUNCTION = YES;
				GCC_WARN_UNUSED_VARIABLE = YES;
				IPHONEOS_DEPLOYMENT_TARGET = 18.2;
				LOCALIZATION_PREFERS_STRING_CATALOGS = YES;
				MTL_ENABLE_DEBUG_INFO = INCLUDE_SOURCE;
				MTL_FAST_MATH = YES;
				ONLY_ACTIVE_ARCH = YES;
				SDKROOT = iphoneos;
				SWIFT_ACTIVE_COMPILATION_CONDITIONS = "DEBUG $(inherited)";
				SWIFT_OPTIMIZATION_LEVEL = "-Onone";
			};
			name = Debug;
		};
		D23482E52D2D7114005FBCA4 /* Release */ = {
			isa = XCBuildConfiguration;
			buildSettings = {
				ALWAYS_SEARCH_USER_PATHS = NO;
				ASSETCATALOG_COMPILER_GENERATE_SWIFT_ASSET_SYMBOL_EXTENSIONS = YES;
				CLANG_ANALYZER_NONNULL = YES;
				CLANG_ANALYZER_NUMBER_OBJECT_CONVERSION = YES_AGGRESSIVE;
				CLANG_CXX_LANGUAGE_STANDARD = "gnu++20";
				CLANG_ENABLE_MODULES = YES;
				CLANG_ENABLE_OBJC_ARC = YES;
				CLANG_ENABLE_OBJC_WEAK = YES;
				CLANG_WARN_BLOCK_CAPTURE_AUTORELEASING = YES;
				CLANG_WARN_BOOL_CONVERSION = YES;
				CLANG_WARN_COMMA = YES;
				CLANG_WARN_CONSTANT_CONVERSION = YES;
				CLANG_WARN_DEPRECATED_OBJC_IMPLEMENTATIONS = YES;
				CLANG_WARN_DIRECT_OBJC_ISA_USAGE = YES_ERROR;
				CLANG_WARN_DOCUMENTATION_COMMENTS = YES;
				CLANG_WARN_EMPTY_BODY = YES;
				CLANG_WARN_ENUM_CONVERSION = YES;
				CLANG_WARN_INFINITE_RECURSION = YES;
				CLANG_WARN_INT_CONVERSION = YES;
				CLANG_WARN_NON_LITERAL_NULL_CONVERSION = YES;
				CLANG_WARN_OBJC_IMPLICIT_RETAIN_SELF = YES;
				CLANG_WARN_OBJC_LITERAL_CONVERSION = YES;
				CLANG_WARN_OBJC_ROOT_CLASS = YES_ERROR;
				CLANG_WARN_QUOTED_INCLUDE_IN_FRAMEWORK_HEADER = YES;
				CLANG_WARN_RANGE_LOOP_ANALYSIS = YES;
				CLANG_WARN_STRICT_PROTOTYPES = YES;
				CLANG_WARN_SUSPICIOUS_MOVE = YES;
				CLANG_WARN_UNGUARDED_AVAILABILITY = YES_AGGRESSIVE;
				CLANG_WARN_UNREACHABLE_CODE = YES;
				CLANG_WARN__DUPLICATE_METHOD_MATCH = YES;
				COPY_PHASE_STRIP = NO;
				DEBUG_INFORMATION_FORMAT = "dwarf-with-dsym";
				ENABLE_NS_ASSERTIONS = NO;
				ENABLE_STRICT_OBJC_MSGSEND = YES;
				ENABLE_USER_SCRIPT_SANDBOXING = YES;
				GCC_C_LANGUAGE_STANDARD = gnu17;
				GCC_NO_COMMON_BLOCKS = YES;
				GCC_WARN_64_TO_32_BIT_CONVERSION = YES;
				GCC_WARN_ABOUT_RETURN_TYPE = YES_ERROR;
				GCC_WARN_UNDECLARED_SELECTOR = YES;
				GCC_WARN_UNINITIALIZED_AUTOS = YES_AGGRESSIVE;
				GCC_WARN_UNUSED_FUNCTION = YES;
				GCC_WARN_UNUSED_VARIABLE = YES;
				IPHONEOS_DEPLOYMENT_TARGET = 18.2;
				LOCALIZATION_PREFERS_STRING_CATALOGS = YES;
				MTL_ENABLE_DEBUG_INFO = NO;
				MTL_FAST_MATH = YES;
				SDKROOT = iphoneos;
				SWIFT_COMPILATION_MODE = wholemodule;
				VALIDATE_PRODUCT = YES;
			};
			name = Release;
		};
		D23482E72D2D7114005FBCA4 /* Debug */ = {
			isa = XCBuildConfiguration;
			buildSettings = {
				ASSETCATALOG_COMPILER_APPICON_NAME = AppIcon;
				ASSETCATALOG_COMPILER_GLOBAL_ACCENT_COLOR_NAME = AccentColor;
				CODE_SIGN_STYLE = Automatic;
				CURRENT_PROJECT_VERSION = 1;
				DEVELOPMENT_ASSET_PATHS = "\"Budget App/Preview Content\"";
				ENABLE_PREVIEWS = YES;
				GENERATE_INFOPLIST_FILE = YES;
				INFOPLIST_KEY_UIApplicationSceneManifest_Generation = YES;
				INFOPLIST_KEY_UIApplicationSupportsIndirectInputEvents = YES;
				INFOPLIST_KEY_UILaunchScreen_Generation = YES;
				INFOPLIST_KEY_UISupportedInterfaceOrientations_iPad = "UIInterfaceOrientationPortrait UIInterfaceOrientationPortraitUpsideDown UIInterfaceOrientationLandscapeLeft UIInterfaceOrientationLandscapeRight";
				INFOPLIST_KEY_UISupportedInterfaceOrientations_iPhone = "UIInterfaceOrientationPortrait UIInterfaceOrientationLandscapeLeft UIInterfaceOrientationLandscapeRight";
				LD_RUNPATH_SEARCH_PATHS = (
					"$(inherited)",
					"@executable_path/Frameworks",
				);
				MARKETING_VERSION = 1.0;
				PRODUCT_BUNDLE_IDENTIFIER = "astone.Budget-App";
				PRODUCT_NAME = "$(TARGET_NAME)";
				SWIFT_EMIT_LOC_STRINGS = YES;
				SWIFT_VERSION = 5.0;
				TARGETED_DEVICE_FAMILY = "1,2";
			};
			name = Debug;
		};
		D23482E82D2D7114005FBCA4 /* Release */ = {
			isa = XCBuildConfiguration;
			buildSettings = {
				ASSETCATALOG_COMPILER_APPICON_NAME = AppIcon;
				ASSETCATALOG_COMPILER_GLOBAL_ACCENT_COLOR_NAME = AccentColor;
				CODE_SIGN_STYLE = Automatic;
				CURRENT_PROJECT_VERSION = 1;
				DEVELOPMENT_ASSET_PATHS = "\"Budget App/Preview Content\"";
				ENABLE_PREVIEWS = YES;
				GENERATE_INFOPLIST_FILE = YES;
				INFOPLIST_KEY_UIApplicationSceneManifest_Generation = YES;
				INFOPLIST_KEY_UIApplicationSupportsIndirectInputEvents = YES;
				INFOPLIST_KEY_UILaunchScreen_Generation = YES;
				INFOPLIST_KEY_UISupportedInterfaceOrientations_iPad = "UIInterfaceOrientationPortrait UIInterfaceOrientationPortraitUpsideDown UIInterfaceOrientationLandscapeLeft UIInterfaceOrientationLandscapeRight";
				INFOPLIST_KEY_UISupportedInterfaceOrientations_iPhone = "UIInterfaceOrientationPortrait UIInterfaceOrientationLandscapeLeft UIInterfaceOrientationLandscapeRight";
				LD_RUNPATH_SEARCH_PATHS = (
					"$(inherited)",
					"@executable_path/Frameworks",
				);
				MARKETING_VERSION = 1.0;
				PRODUCT_BUNDLE_IDENTIFIER = "astone.Budget-App";
				PRODUCT_NAME = "$(TARGET_NAME)";
				SWIFT_EMIT_LOC_STRINGS = YES;
				SWIFT_VERSION = 5.0;
				TARGETED_DEVICE_FAMILY = "1,2";
			};
			name = Release;
		};
		D23482EA2D2D7114005FBCA4 /* Debug */ = {
			isa = XCBuildConfiguration;
			buildSettings = {
				BUNDLE_LOADER = "$(TEST_HOST)";
				CODE_SIGN_STYLE = Automatic;
				CURRENT_PROJECT_VERSION = 1;
				GENERATE_INFOPLIST_FILE = YES;
				IPHONEOS_DEPLOYMENT_TARGET = 18.2;
				MARKETING_VERSION = 1.0;
				PRODUCT_BUNDLE_IDENTIFIER = "astone.Budget-AppTests";
				PRODUCT_NAME = "$(TARGET_NAME)";
				SWIFT_EMIT_LOC_STRINGS = NO;
				SWIFT_VERSION = 5.0;
				TARGETED_DEVICE_FAMILY = "1,2";
				TEST_HOST = "$(BUILT_PRODUCTS_DIR)/Budget App.app/$(BUNDLE_EXECUTABLE_FOLDER_PATH)/Budget App";
			};
			name = Debug;
		};
		D23482EB2D2D7114005FBCA4 /* Release */ = {
			isa = XCBuildConfiguration;
			buildSettings = {
				BUNDLE_LOADER = "$(TEST_HOST)";
				CODE_SIGN_STYLE = Automatic;
				CURRENT_PROJECT_VERSION = 1;
				GENERATE_INFOPLIST_FILE = YES;
				IPHONEOS_DEPLOYMENT_TARGET = 18.2;
				MARKETING_VERSION = 1.0;
				PRODUCT_BUNDLE_IDENTIFIER = "astone.Budget-AppTests";
				PRODUCT_NAME = "$(TARGET_NAME)";
				SWIFT_EMIT_LOC_STRINGS = NO;
				SWIFT_VERSION = 5.0;
				TARGETED_DEVICE_FAMILY = "1,2";
				TEST_HOST = "$(BUILT_PRODUCTS_DIR)/Budget App.app/$(BUNDLE_EXECUTABLE_FOLDER_PATH)/Budget App";
			};
			name = Release;
		};
		D23482ED2D2D7114005FBCA4 /* Debug */ = {
			isa = XCBuildConfiguration;
			buildSettings = {
				CODE_SIGN_STYLE = Automatic;
				CURRENT_PROJECT_VERSION = 1;
				GENERATE_INFOPLIST_FILE = YES;
				MARKETING_VERSION = 1.0;
				PRODUCT_BUNDLE_IDENTIFIER = "astone.Budget-AppUITests";
				PRODUCT_NAME = "$(TARGET_NAME)";
				SWIFT_EMIT_LOC_STRINGS = NO;
				SWIFT_VERSION = 5.0;
				TARGETED_DEVICE_FAMILY = "1,2";
				TEST_TARGET_NAME = "Budget App";
			};
			name = Debug;
		};
		D23482EE2D2D7114005FBCA4 /* Release */ = {
			isa = XCBuildConfiguration;
			buildSettings = {
				CODE_SIGN_STYLE = Automatic;
				CURRENT_PROJECT_VERSION = 1;
				GENERATE_INFOPLIST_FILE = YES;
				MARKETING_VERSION = 1.0;
				PRODUCT_BUNDLE_IDENTIFIER = "astone.Budget-AppUITests";
				PRODUCT_NAME = "$(TARGET_NAME)";
				SWIFT_EMIT_LOC_STRINGS = NO;
				SWIFT_VERSION = 5.0;
				TARGETED_DEVICE_FAMILY = "1,2";
				TEST_TARGET_NAME = "Budget App";
			};
			name = Release;
		};
/* End XCBuildConfiguration section */

/* Begin XCConfigurationList section */
		D23482BD2D2D7112005FBCA4 /* Build configuration list for PBXProject "Budget App" */ = {
			isa = XCConfigurationList;
			buildConfigurations = (
				D23482E42D2D7114005FBCA4 /* Debug */,
				D23482E52D2D7114005FBCA4 /* Release */,
			);
			defaultConfigurationIsVisible = 0;
			defaultConfigurationName = Release;
		};
		D23482E62D2D7114005FBCA4 /* Build configuration list for PBXNativeTarget "Budget App" */ = {
			isa = XCConfigurationList;
			buildConfigurations = (
				D23482E72D2D7114005FBCA4 /* Debug */,
				D23482E82D2D7114005FBCA4 /* Release */,
			);
			defaultConfigurationIsVisible = 0;
			defaultConfigurationName = Release;
		};
		D23482E92D2D7114005FBCA4 /* Build configuration list for PBXNativeTarget "Budget AppTests" */ = {
			isa = XCConfigurationList;
			buildConfigurations = (
				D23482EA2D2D7114005FBCA4 /* Debug */,
				D23482EB2D2D7114005FBCA4 /* Release */,
			);
			defaultConfigurationIsVisible = 0;
			defaultConfigurationName = Release;
		};
		D23482EC2D2D7114005FBCA4 /* Build configuration list for PBXNativeTarget "Budget AppUITests" */ = {
			isa = XCConfigurationList;
			buildConfigurations = (
				D23482ED2D2D7114005FBCA4 /* Debug */,
				D23482EE2D2D7114005FBCA4 /* Release */,
			);
			defaultConfigurationIsVisible = 0;
			defaultConfigurationName = Release;
		};
/* End XCConfigurationList section */

/* Begin XCLocalSwiftPackageReference section */
		D23482EF2D2D7C94005FBCA4 /* XCLocalSwiftPackageReference "../EmojiPicker" */ = {
			isa = XCLocalSwiftPackageReference;
			relativePath = ../EmojiPicker;
		};
/* End XCLocalSwiftPackageReference section */

/* Begin XCSwiftPackageProductDependency section */
		D23482F02D2D7C94005FBCA4 /* EmojiPicker */ = {
			isa = XCSwiftPackageProductDependency;
			productName = EmojiPicker;
		};
/* End XCSwiftPackageProductDependency section */
	};
	rootObject = D23482BA2D2D7112005FBCA4 /* Project object */;
}
